// !$*UTF8*$!
{
	archiveVersion = 1;
	classes = {
	};
	objectVersion = 50;
	objects = {

/* Begin PBXBuildFile section */
		2468FF6FCACD44823A54BF04 /* libPods-FastCreateProjectTools.a in Frameworks */ = {isa = PBXBuildFile; fileRef = 1120BDBF9FF04D3B47B1683E /* libPods-FastCreateProjectTools.a */; };
		6434863B21742E4B000CFA22 /* StorageManager.m in Sources */ = {isa = PBXBuildFile; fileRef = 6434863A21742E4B000CFA22 /* StorageManager.m */; };
		6434864021746ABA000CFA22 /* NetworkManager.m in Sources */ = {isa = PBXBuildFile; fileRef = 6434863F21746ABA000CFA22 /* NetworkManager.m */; };
		6434864421747CD8000CFA22 /* UIImageView+URLImageView.m in Sources */ = {isa = PBXBuildFile; fileRef = 6434864321747CD8000CFA22 /* UIImageView+URLImageView.m */; };
		6434864A2175C7F5000CFA22 /* HUDManager.m in Sources */ = {isa = PBXBuildFile; fileRef = 643486492175C7F5000CFA22 /* HUDManager.m */; };
		64F65B012170A24C00C4AF90 /* AppDelegate.m in Sources */ = {isa = PBXBuildFile; fileRef = 64F65B002170A24C00C4AF90 /* AppDelegate.m */; };
		64F65B042170A24C00C4AF90 /* ViewController.m in Sources */ = {isa = PBXBuildFile; fileRef = 64F65B032170A24C00C4AF90 /* ViewController.m */; };
		64F65B072170A24C00C4AF90 /* Main.storyboard in Resources */ = {isa = PBXBuildFile; fileRef = 64F65B052170A24C00C4AF90 /* Main.storyboard */; };
		64F65B092170A27000C4AF90 /* Assets.xcassets in Resources */ = {isa = PBXBuildFile; fileRef = 64F65B082170A27000C4AF90 /* Assets.xcassets */; };
		64F65B0C2170A27000C4AF90 /* LaunchScreen.storyboard in Resources */ = {isa = PBXBuildFile; fileRef = 64F65B0A2170A27000C4AF90 /* LaunchScreen.storyboard */; };
		64F65B0F2170A27000C4AF90 /* main.m in Sources */ = {isa = PBXBuildFile; fileRef = 64F65B0E2170A27000C4AF90 /* main.m */; };
/* End PBXBuildFile section */

/* Begin PBXFileReference section */
		1120BDBF9FF04D3B47B1683E /* libPods-FastCreateProjectTools.a */ = {isa = PBXFileReference; explicitFileType = archive.ar; includeInIndex = 0; path = "libPods-FastCreateProjectTools.a"; sourceTree = BUILT_PRODUCTS_DIR; };
		6434863821742A0C000CFA22 /* PrefixHeader.pch */ = {isa = PBXFileReference; lastKnownFileType = sourcecode.c.h; path = PrefixHeader.pch; sourceTree = "<group>"; };
		6434863921742E4B000CFA22 /* StorageManager.h */ = {isa = PBXFileReference; lastKnownFileType = sourcecode.c.h; path = StorageManager.h; sourceTree = "<group>"; };
		6434863A21742E4B000CFA22 /* StorageManager.m */ = {isa = PBXFileReference; lastKnownFileType = sourcecode.c.objc; path = StorageManager.m; sourceTree = "<group>"; };
		6434863E21746ABA000CFA22 /* NetworkManager.h */ = {isa = PBXFileReference; lastKnownFileType = sourcecode.c.h; path = NetworkManager.h; sourceTree = "<group>"; };
		6434863F21746ABA000CFA22 /* NetworkManager.m */ = {isa = PBXFileReference; lastKnownFileType = sourcecode.c.objc; path = NetworkManager.m; sourceTree = "<group>"; };
		6434864221747CD8000CFA22 /* UIImageView+URLImageView.h */ = {isa = PBXFileReference; lastKnownFileType = sourcecode.c.h; path = "UIImageView+URLImageView.h"; sourceTree = "<group>"; };
		6434864321747CD8000CFA22 /* UIImageView+URLImageView.m */ = {isa = PBXFileReference; lastKnownFileType = sourcecode.c.objc; path = "UIImageView+URLImageView.m"; sourceTree = "<group>"; };
		643486482175C7F5000CFA22 /* HUDManager.h */ = {isa = PBXFileReference; lastKnownFileType = sourcecode.c.h; path = HUDManager.h; sourceTree = "<group>"; };
		643486492175C7F5000CFA22 /* HUDManager.m */ = {isa = PBXFileReference; lastKnownFileType = sourcecode.c.objc; path = HUDManager.m; sourceTree = "<group>"; };
		64F65AFC2170A24C00C4AF90 /* FastCreateProjectTools.app */ = {isa = PBXFileReference; explicitFileType = wrapper.application; includeInIndex = 0; path = FastCreateProjectTools.app; sourceTree = BUILT_PRODUCTS_DIR; };
		64F65AFF2170A24C00C4AF90 /* AppDelegate.h */ = {isa = PBXFileReference; lastKnownFileType = sourcecode.c.h; path = AppDelegate.h; sourceTree = "<group>"; };
		64F65B002170A24C00C4AF90 /* AppDelegate.m */ = {isa = PBXFileReference; lastKnownFileType = sourcecode.c.objc; path = AppDelegate.m; sourceTree = "<group>"; };
		64F65B022170A24C00C4AF90 /* ViewController.h */ = {isa = PBXFileReference; lastKnownFileType = sourcecode.c.h; path = ViewController.h; sourceTree = "<group>"; };
		64F65B032170A24C00C4AF90 /* ViewController.m */ = {isa = PBXFileReference; lastKnownFileType = sourcecode.c.objc; path = ViewController.m; sourceTree = "<group>"; };
		64F65B062170A24C00C4AF90 /* Base */ = {isa = PBXFileReference; lastKnownFileType = file.storyboard; name = Base; path = Base.lproj/Main.storyboard; sourceTree = "<group>"; };
		64F65B082170A27000C4AF90 /* Assets.xcassets */ = {isa = PBXFileReference; lastKnownFileType = folder.assetcatalog; path = Assets.xcassets; sourceTree = "<group>"; };
		64F65B0B2170A27000C4AF90 /* Base */ = {isa = PBXFileReference; lastKnownFileType = file.storyboard; name = Base; path = Base.lproj/LaunchScreen.storyboard; sourceTree = "<group>"; };
		64F65B0D2170A27000C4AF90 /* Info.plist */ = {isa = PBXFileReference; lastKnownFileType = text.plist.xml; path = Info.plist; sourceTree = "<group>"; };
		64F65B0E2170A27000C4AF90 /* main.m */ = {isa = PBXFileReference; lastKnownFileType = sourcecode.c.objc; path = main.m; sourceTree = "<group>"; };
		8DA40A8A96033385EADA5444 /* Pods-FastCreateProjectTools.release.xcconfig */ = {isa = PBXFileReference; includeInIndex = 1; lastKnownFileType = text.xcconfig; name = "Pods-FastCreateProjectTools.release.xcconfig"; path = "Pods/Target Support Files/Pods-FastCreateProjectTools/Pods-FastCreateProjectTools.release.xcconfig"; sourceTree = "<group>"; };
		A93493A8FBCF18FF8649960B /* Pods-FastCreateProjectTools.debug.xcconfig */ = {isa = PBXFileReference; includeInIndex = 1; lastKnownFileType = text.xcconfig; name = "Pods-FastCreateProjectTools.debug.xcconfig"; path = "Pods/Target Support Files/Pods-FastCreateProjectTools/Pods-FastCreateProjectTools.debug.xcconfig"; sourceTree = "<group>"; };
/* End PBXFileReference section */

/* Begin PBXFrameworksBuildPhase section */
		64F65AF92170A24C00C4AF90 /* Frameworks */ = {
			isa = PBXFrameworksBuildPhase;
			buildActionMask = 2147483647;
			files = (
				2468FF6FCACD44823A54BF04 /* libPods-FastCreateProjectTools.a in Frameworks */,
			);
			runOnlyForDeploymentPostprocessing = 0;
		};
/* End PBXFrameworksBuildPhase section */

/* Begin PBXGroup section */
		30D589F6F8EBB753DC0C8CD0 /* Pods */ = {
			isa = PBXGroup;
			children = (
				A93493A8FBCF18FF8649960B /* Pods-FastCreateProjectTools.debug.xcconfig */,
				8DA40A8A96033385EADA5444 /* Pods-FastCreateProjectTools.release.xcconfig */,
			);
			name = Pods;
			sourceTree = "<group>";
		};
		6434863C21746A5A000CFA22 /* Storage */ = {
			isa = PBXGroup;
			children = (
				6434863921742E4B000CFA22 /* StorageManager.h */,
				6434863A21742E4B000CFA22 /* StorageManager.m */,
			);
			path = Storage;
			sourceTree = "<group>";
		};
		6434863D21746A6D000CFA22 /* Network */ = {
			isa = PBXGroup;
			children = (
				6434863E21746ABA000CFA22 /* NetworkManager.h */,
				6434863F21746ABA000CFA22 /* NetworkManager.m */,
			);
			path = Network;
			sourceTree = "<group>";
		};
		6434864121747A93000CFA22 /* URLImageView */ = {
			isa = PBXGroup;
			children = (
				6434864221747CD8000CFA22 /* UIImageView+URLImageView.h */,
				6434864321747CD8000CFA22 /* UIImageView+URLImageView.m */,
			);
			path = URLImageView;
			sourceTree = "<group>";
		};
		643486452175BD46000CFA22 /* App */ = {
			isa = PBXGroup;
			children = (
				64F65AFF2170A24C00C4AF90 /* AppDelegate.h */,
				64F65B002170A24C00C4AF90 /* AppDelegate.m */,
				64F65B022170A24C00C4AF90 /* ViewController.h */,
				64F65B032170A24C00C4AF90 /* ViewController.m */,
				64F65B052170A24C00C4AF90 /* Main.storyboard */,
				64F65B082170A27000C4AF90 /* Assets.xcassets */,
				64F65B0A2170A27000C4AF90 /* LaunchScreen.storyboard */,
				64F65B0D2170A27000C4AF90 /* Info.plist */,
				64F65B0E2170A27000C4AF90 /* main.m */,
				6434863821742A0C000CFA22 /* PrefixHeader.pch */,
			);
			path = App;
			sourceTree = "<group>";
		};
		643486462175BF15000CFA22 /* Tools */ = {
			isa = PBXGroup;
			children = (
				643486472175C79A000CFA22 /* HUD */,
				6434864121747A93000CFA22 /* URLImageView */,
				6434863D21746A6D000CFA22 /* Network */,
				6434863C21746A5A000CFA22 /* Storage */,
			);
			path = Tools;
			sourceTree = "<group>";
		};
		643486472175C79A000CFA22 /* HUD */ = {
			isa = PBXGroup;
			children = (
				643486482175C7F5000CFA22 /* HUDManager.h */,
				643486492175C7F5000CFA22 /* HUDManager.m */,
			);
			path = HUD;
			sourceTree = "<group>";
		};
		64F65AF32170A24C00C4AF90 = {
			isa = PBXGroup;
			children = (
				64F65AFE2170A24C00C4AF90 /* FastCreateProjectTools */,
				64F65AFD2170A24C00C4AF90 /* Products */,
				30D589F6F8EBB753DC0C8CD0 /* Pods */,
				8E65ED4F21277A15B6F95B1B /* Frameworks */,
			);
			sourceTree = "<group>";
		};
		64F65AFD2170A24C00C4AF90 /* Products */ = {
			isa = PBXGroup;
			children = (
				64F65AFC2170A24C00C4AF90 /* FastCreateProjectTools.app */,
			);
			name = Products;
			sourceTree = "<group>";
		};
		64F65AFE2170A24C00C4AF90 /* FastCreateProjectTools */ = {
			isa = PBXGroup;
			children = (
				643486452175BD46000CFA22 /* App */,
				643486462175BF15000CFA22 /* Tools */,
			);
			path = FastCreateProjectTools;
			sourceTree = "<group>";
		};
		8E65ED4F21277A15B6F95B1B /* Frameworks */ = {
			isa = PBXGroup;
			children = (
				1120BDBF9FF04D3B47B1683E /* libPods-FastCreateProjectTools.a */,
			);
			name = Frameworks;
			sourceTree = "<group>";
		};
/* End PBXGroup section */

/* Begin PBXNativeTarget section */
		64F65AFB2170A24C00C4AF90 /* FastCreateProjectTools */ = {
			isa = PBXNativeTarget;
			buildConfigurationList = 64F65B122170A27000C4AF90 /* Build configuration list for PBXNativeTarget "FastCreateProjectTools" */;
			buildPhases = (
				384423F2658B5E2EF06BA20F /* [CP] Check Pods Manifest.lock */,
				64F65AF82170A24C00C4AF90 /* Sources */,
				64F65AF92170A24C00C4AF90 /* Frameworks */,
				64F65AFA2170A24C00C4AF90 /* Resources */,
				C80C7184A371500CE6F0DD11 /* [CP] Copy Pods Resources */,
			);
			buildRules = (
			);
			dependencies = (
			);
			name = FastCreateProjectTools;
			productName = FastCreateProjectTools;
			productReference = 64F65AFC2170A24C00C4AF90 /* FastCreateProjectTools.app */;
			productType = "com.apple.product-type.application";
		};
/* End PBXNativeTarget section */

/* Begin PBXProject section */
		64F65AF42170A24C00C4AF90 /* Project object */ = {
			isa = PBXProject;
			attributes = {
				LastUpgradeCheck = 1000;
				ORGANIZATIONNAME = juqiangxie;
				TargetAttributes = {
					64F65AFB2170A24C00C4AF90 = {
						CreatedOnToolsVersion = 10.0;
					};
				};
			};
			buildConfigurationList = 64F65AF72170A24C00C4AF90 /* Build configuration list for PBXProject "FastCreateProjectTools" */;
			compatibilityVersion = "Xcode 9.3";
			developmentRegion = en;
			hasScannedForEncodings = 0;
			knownRegions = (
				en,
				Base,
			);
			mainGroup = 64F65AF32170A24C00C4AF90;
			productRefGroup = 64F65AFD2170A24C00C4AF90 /* Products */;
			projectDirPath = "";
			projectRoot = "";
			targets = (
				64F65AFB2170A24C00C4AF90 /* FastCreateProjectTools */,
			);
		};
/* End PBXProject section */

/* Begin PBXResourcesBuildPhase section */
		64F65AFA2170A24C00C4AF90 /* Resources */ = {
			isa = PBXResourcesBuildPhase;
			buildActionMask = 2147483647;
			files = (
				64F65B0C2170A27000C4AF90 /* LaunchScreen.storyboard in Resources */,
				64F65B092170A27000C4AF90 /* Assets.xcassets in Resources */,
				64F65B072170A24C00C4AF90 /* Main.storyboard in Resources */,
			);
			runOnlyForDeploymentPostprocessing = 0;
		};
/* End PBXResourcesBuildPhase section */

/* Begin PBXShellScriptBuildPhase section */
		384423F2658B5E2EF06BA20F /* [CP] Check Pods Manifest.lock */ = {
			isa = PBXShellScriptBuildPhase;
			buildActionMask = 2147483647;
			files = (
			);
			inputFileListPaths = (
			);
			inputPaths = (
				"${PODS_PODFILE_DIR_PATH}/Podfile.lock",
				"${PODS_ROOT}/Manifest.lock",
			);
			name = "[CP] Check Pods Manifest.lock";
			outputFileListPaths = (
			);
			outputPaths = (
				"$(DERIVED_FILE_DIR)/Pods-FastCreateProjectTools-checkManifestLockResult.txt",
			);
			runOnlyForDeploymentPostprocessing = 0;
			shellPath = /bin/sh;
			shellScript = "diff \"${PODS_PODFILE_DIR_PATH}/Podfile.lock\" \"${PODS_ROOT}/Manifest.lock\" > /dev/null\nif [ $? != 0 ] ; then\n    # print error to STDERR\n    echo \"error: The sandbox is not in sync with the Podfile.lock. Run 'pod install' or update your CocoaPods installation.\" >&2\n    exit 1\nfi\n# This output is used by Xcode 'outputs' to avoid re-running this script phase.\necho \"SUCCESS\" > \"${SCRIPT_OUTPUT_FILE_0}\"\n";
			showEnvVarsInLog = 0;
		};
		C80C7184A371500CE6F0DD11 /* [CP] Copy Pods Resources */ = {
			isa = PBXShellScriptBuildPhase;
			buildActionMask = 2147483647;
			files = (
			);
			inputFileListPaths = (
			);
			inputPaths = (
				"${SRCROOT}/Pods/Target Support Files/Pods-FastCreateProjectTools/Pods-FastCreateProjectTools-resources.sh",
				"${PODS_ROOT}/IQKeyboardManager/IQKeyboardManager/Resources/IQKeyboardManager.bundle",
				"${PODS_ROOT}/MJRefresh/MJRefresh/MJRefresh.bundle",
			);
			name = "[CP] Copy Pods Resources";
			outputFileListPaths = (
			);
			outputPaths = (
				"${TARGET_BUILD_DIR}/${UNLOCALIZED_RESOURCES_FOLDER_PATH}/IQKeyboardManager.bundle",
				"${TARGET_BUILD_DIR}/${UNLOCALIZED_RESOURCES_FOLDER_PATH}/MJRefresh.bundle",
			);
			runOnlyForDeploymentPostprocessing = 0;
			shellPath = /bin/sh;
			shellScript = "\"${SRCROOT}/Pods/Target Support Files/Pods-FastCreateProjectTools/Pods-FastCreateProjectTools-resources.sh\"\n";
			showEnvVarsInLog = 0;
		};
/* End PBXShellScriptBuildPhase section */

/* Begin PBXSourcesBuildPhase section */
		64F65AF82170A24C00C4AF90 /* Sources */ = {
			isa = PBXSourcesBuildPhase;
			buildActionMask = 2147483647;
			files = (
				64F65B042170A24C00C4AF90 /* ViewController.m in Sources */,
				6434864421747CD8000CFA22 /* UIImageView+URLImageView.m in Sources */,
				64F65B0F2170A27000C4AF90 /* main.m in Sources */,
				64F65B012170A24C00C4AF90 /* AppDelegate.m in Sources */,
				6434864A2175C7F5000CFA22 /* HUDManager.m in Sources */,
				6434864021746ABA000CFA22 /* NetworkManager.m in Sources */,
				6434863B21742E4B000CFA22 /* StorageManager.m in Sources */,
			);
			runOnlyForDeploymentPostprocessing = 0;
		};
/* End PBXSourcesBuildPhase section */

/* Begin PBXVariantGroup section */
		64F65B052170A24C00C4AF90 /* Main.storyboard */ = {
			isa = PBXVariantGroup;
			children = (
				64F65B062170A24C00C4AF90 /* Base */,
			);
			name = Main.storyboard;
			sourceTree = "<group>";
		};
		64F65B0A2170A27000C4AF90 /* LaunchScreen.storyboard */ = {
			isa = PBXVariantGroup;
			children = (
				64F65B0B2170A27000C4AF90 /* Base */,
			);
			name = LaunchScreen.storyboard;
			sourceTree = "<group>";
		};
/* End PBXVariantGroup section */

/* Begin XCBuildConfiguration section */
		64F65B102170A27000C4AF90 /* Debug */ = {
			isa = XCBuildConfiguration;
			buildSettings = {
				ALWAYS_SEARCH_USER_PATHS = NO;
				CLANG_ANALYZER_NONNULL = YES;
				CLANG_ANALYZER_NUMBER_OBJECT_CONVERSION = YES_AGGRESSIVE;
				CLANG_CXX_LANGUAGE_STANDARD = "gnu++14";
				CLANG_CXX_LIBRARY = "libc++";
				CLANG_ENABLE_MODULES = YES;
				CLANG_ENABLE_OBJC_ARC = YES;
				CLANG_ENABLE_OBJC_WEAK = YES;
				CLANG_WARN_BLOCK_CAPTURE_AUTORELEASING = YES;
				CLANG_WARN_BOOL_CONVERSION = YES;
				CLANG_WARN_COMMA = YES;
				CLANG_WARN_CONSTANT_CONVERSION = YES;
				CLANG_WARN_DEPRECATED_OBJC_IMPLEMENTATIONS = YES;
				CLANG_WARN_DIRECT_OBJC_ISA_USAGE = YES_ERROR;
				CLANG_WARN_DOCUMENTATION_COMMENTS = YES;
				CLANG_WARN_EMPTY_BODY = YES;
				CLANG_WARN_ENUM_CONVERSION = YES;
				CLANG_WARN_INFINITE_RECURSION = YES;
				CLANG_WARN_INT_CONVERSION = YES;
				CLANG_WARN_NON_LITERAL_NULL_CONVERSION = YES;
				CLANG_WARN_OBJC_IMPLICIT_RETAIN_SELF = YES;
				CLANG_WARN_OBJC_LITERAL_CONVERSION = YES;
				CLANG_WARN_OBJC_ROOT_CLASS = YES_ERROR;
				CLANG_WARN_RANGE_LOOP_ANALYSIS = YES;
				CLANG_WARN_STRICT_PROTOTYPES = YES;
				CLANG_WARN_SUSPICIOUS_MOVE = YES;
				CLANG_WARN_UNGUARDED_AVAILABILITY = YES_AGGRESSIVE;
				CLANG_WARN_UNREACHABLE_CODE = YES;
				CLANG_WARN__DUPLICATE_METHOD_MATCH = YES;
				CODE_SIGN_IDENTITY = "iPhone Developer";
				COPY_PHASE_STRIP = NO;
				DEBUG_INFORMATION_FORMAT = dwarf;
				ENABLE_STRICT_OBJC_MSGSEND = YES;
				ENABLE_TESTABILITY = YES;
				GCC_C_LANGUAGE_STANDARD = gnu11;
				GCC_DYNAMIC_NO_PIC = NO;
				GCC_NO_COMMON_BLOCKS = YES;
				GCC_OPTIMIZATION_LEVEL = 0;
				GCC_PREPROCESSOR_DEFINITIONS = (
					"DEBUG=1",
					"$(inherited)",
				);
				GCC_WARN_64_TO_32_BIT_CONVERSION = YES;
				GCC_WARN_ABOUT_RETURN_TYPE = YES_ERROR;
				GCC_WARN_UNDECLARED_SELECTOR = YES;
				GCC_WARN_UNINITIALIZED_AUTOS = YES_AGGRESSIVE;
				GCC_WARN_UNUSED_FUNCTION = YES;
				GCC_WARN_UNUSED_VARIABLE = YES;
				IPHONEOS_DEPLOYMENT_TARGET = 12.0;
				MTL_ENABLE_DEBUG_INFO = INCLUDE_SOURCE;
				MTL_FAST_MATH = YES;
				ONLY_ACTIVE_ARCH = YES;
				SDKROOT = iphoneos;
			};
			name = Debug;
		};
		64F65B112170A27000C4AF90 /* Release */ = {
			isa = XCBuildConfiguration;
			buildSettings = {
				ALWAYS_SEARCH_USER_PATHS = NO;
				CLANG_ANALYZER_NONNULL = YES;
				CLANG_ANALYZER_NUMBER_OBJECT_CONVERSION = YES_AGGRESSIVE;
				CLANG_CXX_LANGUAGE_STANDARD = "gnu++14";
				CLANG_CXX_LIBRARY = "libc++";
				CLANG_ENABLE_MODULES = YES;
				CLANG_ENABLE_OBJC_ARC = YES;
				CLANG_ENABLE_OBJC_WEAK = YES;
				CLANG_WARN_BLOCK_CAPTURE_AUTORELEASING = YES;
				CLANG_WARN_BOOL_CONVERSION = YES;
				CLANG_WARN_COMMA = YES;
				CLANG_WARN_CONSTANT_CONVERSION = YES;
				CLANG_WARN_DEPRECATED_OBJC_IMPLEMENTATIONS = YES;
				CLANG_WARN_DIRECT_OBJC_ISA_USAGE = YES_ERROR;
				CLANG_WARN_DOCUMENTATION_COMMENTS = YES;
				CLANG_WARN_EMPTY_BODY = YES;
				CLANG_WARN_ENUM_CONVERSION = YES;
				CLANG_WARN_INFINITE_RECURSION = YES;
				CLANG_WARN_INT_CONVERSION = YES;
				CLANG_WARN_NON_LITERAL_NULL_CONVERSION = YES;
				CLANG_WARN_OBJC_IMPLICIT_RETAIN_SELF = YES;
				CLANG_WARN_OBJC_LITERAL_CONVERSION = YES;
				CLANG_WARN_OBJC_ROOT_CLASS = YES_ERROR;
				CLANG_WARN_RANGE_LOOP_ANALYSIS = YES;
				CLANG_WARN_STRICT_PROTOTYPES = YES;
				CLANG_WARN_SUSPICIOUS_MOVE = YES;
				CLANG_WARN_UNGUARDED_AVAILABILITY = YES_AGGRESSIVE;
				CLANG_WARN_UNREACHABLE_CODE = YES;
				CLANG_WARN__DUPLICATE_METHOD_MATCH = YES;
				CODE_SIGN_IDENTITY = "iPhone Developer";
				COPY_PHASE_STRIP = NO;
				DEBUG_INFORMATION_FORMAT = "dwarf-with-dsym";
				ENABLE_NS_ASSERTIONS = NO;
				ENABLE_STRICT_OBJC_MSGSEND = YES;
				GCC_C_LANGUAGE_STANDARD = gnu11;
				GCC_NO_COMMON_BLOCKS = YES;
				GCC_WARN_64_TO_32_BIT_CONVERSION = YES;
				GCC_WARN_ABOUT_RETURN_TYPE = YES_ERROR;
				GCC_WARN_UNDECLARED_SELECTOR = YES;
				GCC_WARN_UNINITIALIZED_AUTOS = YES_AGGRESSIVE;
				GCC_WARN_UNUSED_FUNCTION = YES;
				GCC_WARN_UNUSED_VARIABLE = YES;
				IPHONEOS_DEPLOYMENT_TARGET = 12.0;
				MTL_ENABLE_DEBUG_INFO = NO;
				MTL_FAST_MATH = YES;
				SDKROOT = iphoneos;
				VALIDATE_PRODUCT = YES;
			};
			name = Release;
		};
		64F65B132170A27000C4AF90 /* Debug */ = {
			isa = XCBuildConfiguration;
			baseConfigurationReference = A93493A8FBCF18FF8649960B /* Pods-FastCreateProjectTools.debug.xcconfig */;
			buildSettings = {
				ASSETCATALOG_COMPILER_APPICON_NAME = AppIcon;
				CODE_SIGN_STYLE = Automatic;
				DEVELOPMENT_TEAM = ZKA8LL3ZLJ;
				GCC_INCREASE_PRECOMPILED_HEADER_SHARING = NO;
				GCC_PRECOMPILE_PREFIX_HEADER = YES;
				GCC_PREFIX_HEADER = "$(SRCROOT)/FastCreateProjectTools/App/PrefixHeader.pch";
				INFOPLIST_FILE = "$(SRCROOT)/FastCreateProjectTools/App/Info.plist";
				IPHONEOS_DEPLOYMENT_TARGET = 8.0;
				LD_RUNPATH_SEARCH_PATHS = (
					"$(inherited)",
					"@executable_path/Frameworks",
				);
				NEW_SETTING = "";
				PRODUCT_BUNDLE_IDENTIFIER = com.nfyg.FastCreateProjectTools;
				PRODUCT_NAME = "$(TARGET_NAME)";
				TARGETED_DEVICE_FAMILY = "1,2";
			};
			name = Debug;
		};
		64F65B142170A27000C4AF90 /* Release */ = {
			isa = XCBuildConfiguration;
			baseConfigurationReference = 8DA40A8A96033385EADA5444 /* Pods-FastCreateProjectTools.release.xcconfig */;
			buildSettings = {
				ASSETCATALOG_COMPILER_APPICON_NAME = AppIcon;
				CODE_SIGN_STYLE = Automatic;
				DEVELOPMENT_TEAM = ZKA8LL3ZLJ;
				GCC_INCREASE_PRECOMPILED_HEADER_SHARING = NO;
				GCC_PRECOMPILE_PREFIX_HEADER = YES;
				GCC_PREFIX_HEADER = "$(SRCROOT)/FastCreateProjectTools/App/PrefixHeader.pch";
				INFOPLIST_FILE = "$(SRCROOT)/FastCreateProjectTools/App/Info.plist";
				IPHONEOS_DEPLOYMENT_TARGET = 8.0;
				LD_RUNPATH_SEARCH_PATHS = (
					"$(inherited)",
					"@executable_path/Frameworks",
				);
				NEW_SETTING = "";
				PRODUCT_BUNDLE_IDENTIFIER = com.nfyg.FastCreateProjectTools;
				PRODUCT_NAME = "$(TARGET_NAME)";
				TARGETED_DEVICE_FAMILY = "1,2";
			};
			name = Release;
		};
/* End XCBuildConfiguration section */

/* Begin XCConfigurationList section */
		64F65AF72170A24C00C4AF90 /* Build configuration list for PBXProject "FastCreateProjectTools" */ = {
			isa = XCConfigurationList;
			buildConfigurations = (
				64F65B102170A27000C4AF90 /* Debug */,
				64F65B112170A27000C4AF90 /* Release */,
			);
			defaultConfigurationIsVisible = 0;
			defaultConfigurationName = Release;
		};
		64F65B122170A27000C4AF90 /* Build configuration list for PBXNativeTarget "FastCreateProjectTools" */ = {
			isa = XCConfigurationList;
			buildConfigurations = (
				64F65B132170A27000C4AF90 /* Debug */,
				64F65B142170A27000C4AF90 /* Release */,
			);
			defaultConfigurationIsVisible = 0;
			defaultConfigurationName = Release;
		};
/* End XCConfigurationList section */
	};
	rootObject = 64F65AF42170A24C00C4AF90 /* Project object */;
}
